// !$*UTF8*$!
{
	archiveVersion = 1;
	classes = {
	};
	objectVersion = 46;
	objects = {

/* Begin PBXBuildFile section */
		655C92621B5E0E4200063BEC /* main.m in Sources */ = {isa = PBXBuildFile; fileRef = 655C92611B5E0E4200063BEC /* main.m */; };
		655C92651B5E0E4200063BEC /* AppDelegate.m in Sources */ = {isa = PBXBuildFile; fileRef = 655C92641B5E0E4200063BEC /* AppDelegate.m */; };
		655C92681B5E0E4200063BEC /* ViewController.m in Sources */ = {isa = PBXBuildFile; fileRef = 655C92671B5E0E4200063BEC /* ViewController.m */; };
		655C926B1B5E0E4200063BEC /* Main.storyboard in Resources */ = {isa = PBXBuildFile; fileRef = 655C92691B5E0E4200063BEC /* Main.storyboard */; };
		655C926D1B5E0E4200063BEC /* Images.xcassets in Resources */ = {isa = PBXBuildFile; fileRef = 655C926C1B5E0E4200063BEC /* Images.xcassets */; };
		655C92701B5E0E4200063BEC /* LaunchScreen.xib in Resources */ = {isa = PBXBuildFile; fileRef = 655C926E1B5E0E4200063BEC /* LaunchScreen.xib */; };
		655C927C1B5E0E4300063BEC /* __2_tableview1Tests.m in Sources */ = {isa = PBXBuildFile; fileRef = 655C927B1B5E0E4300063BEC /* __2_tableview1Tests.m */; };
		655C92871B5E0EC700063BEC /* DetailViewController.m in Sources */ = {isa = PBXBuildFile; fileRef = 655C92861B5E0EC700063BEC /* DetailViewController.m */; };
		655C928D1B5E125600063BEC /* marina.jpg in Resources */ = {isa = PBXBuildFile; fileRef = 655C92891B5E125600063BEC /* marina.jpg */; };
		655C928E1B5E125600063BEC /* takuya.png in Resources */ = {isa = PBXBuildFile; fileRef = 655C928A1B5E125600063BEC /* takuya.png */; };
		655C928F1B5E125600063BEC /* tomo.jpg in Resources */ = {isa = PBXBuildFile; fileRef = 655C928B1B5E125600063BEC /* tomo.jpg */; };
		655C92901B5E125600063BEC /* yoshiro.JPG in Resources */ = {isa = PBXBuildFile; fileRef = 655C928C1B5E125600063BEC /* yoshiro.JPG */; };
		655C92921B5E15C400063BEC /* shinya.jpg in Resources */ = {isa = PBXBuildFile; fileRef = 655C92911B5E15C400063BEC /* shinya.jpg */; };
		655C92941B5E186800063BEC /* tetsuya.jpg in Resources */ = {isa = PBXBuildFile; fileRef = 655C92931B5E186800063BEC /* tetsuya.jpg */; };
/* End PBXBuildFile section */

/* Begin PBXContainerItemProxy section */
		655C92761B5E0E4200063BEC /* PBXContainerItemProxy */ = {
			isa = PBXContainerItemProxy;
			containerPortal = 655C92541B5E0E4200063BEC /* Project object */;
			proxyType = 1;
			remoteGlobalIDString = 655C925B1B5E0E4200063BEC;
			remoteInfo = 3_2_tableview1;
		};
/* End PBXContainerItemProxy section */

/* Begin PBXFileReference section */
		655C925C1B5E0E4200063BEC /* 3_2_tableview1.app */ = {isa = PBXFileReference; explicitFileType = wrapper.application; includeInIndex = 0; path = 3_2_tableview1.app; sourceTree = BUILT_PRODUCTS_DIR; };
		655C92601B5E0E4200063BEC /* Info.plist */ = {isa = PBXFileReference; lastKnownFileType = text.plist.xml; path = Info.plist; sourceTree = "<group>"; };
		655C92611B5E0E4200063BEC /* main.m */ = {isa = PBXFileReference; lastKnownFileType = sourcecode.c.objc; path = main.m; sourceTree = "<group>"; };
		655C92631B5E0E4200063BEC /* AppDelegate.h */ = {isa = PBXFileReference; lastKnownFileType = sourcecode.c.h; path = AppDelegate.h; sourceTree = "<group>"; };
		655C92641B5E0E4200063BEC /* AppDelegate.m */ = {isa = PBXFileReference; lastKnownFileType = sourcecode.c.objc; path = AppDelegate.m; sourceTree = "<group>"; };
		655C92661B5E0E4200063BEC /* ViewController.h */ = {isa = PBXFileReference; lastKnownFileType = sourcecode.c.h; path = ViewController.h; sourceTree = "<group>"; };
		655C92671B5E0E4200063BEC /* ViewController.m */ = {isa = PBXFileReference; lastKnownFileType = sourcecode.c.objc; path = ViewController.m; sourceTree = "<group>"; };
		655C926A1B5E0E4200063BEC /* Base */ = {isa = PBXFileReference; lastKnownFileType = file.storyboard; name = Base; path = Base.lproj/Main.storyboard; sourceTree = "<group>"; };
		655C926C1B5E0E4200063BEC /* Images.xcassets */ = {isa = PBXFileReference; lastKnownFileType = folder.assetcatalog; path = Images.xcassets; sourceTree = "<group>"; };
		655C926F1B5E0E4200063BEC /* Base */ = {isa = PBXFileReference; lastKnownFileType = file.xib; name = Base; path = Base.lproj/LaunchScreen.xib; sourceTree = "<group>"; };
		655C92751B5E0E4200063BEC /* 3_2_tableview1Tests.xctest */ = {isa = PBXFileReference; explicitFileType = wrapper.cfbundle; includeInIndex = 0; path = 3_2_tableview1Tests.xctest; sourceTree = BUILT_PRODUCTS_DIR; };
		655C927A1B5E0E4300063BEC /* Info.plist */ = {isa = PBXFileReference; lastKnownFileType = text.plist.xml; path = Info.plist; sourceTree = "<group>"; };
		655C927B1B5E0E4300063BEC /* __2_tableview1Tests.m */ = {isa = PBXFileReference; lastKnownFileType = sourcecode.c.objc; path = __2_tableview1Tests.m; sourceTree = "<group>"; };
		655C92851B5E0EC700063BEC /* DetailViewController.h */ = {isa = PBXFileReference; fileEncoding = 4; lastKnownFileType = sourcecode.c.h; path = DetailViewController.h; sourceTree = "<group>"; };
		655C92861B5E0EC700063BEC /* DetailViewController.m */ = {isa = PBXFileReference; fileEncoding = 4; lastKnownFileType = sourcecode.c.objc; path = DetailViewController.m; sourceTree = "<group>"; };
		655C92891B5E125600063BEC /* marina.jpg */ = {isa = PBXFileReference; lastKnownFileType = image.jpeg; name = marina.jpg; path = images/marina.jpg; sourceTree = "<group>"; };
		655C928A1B5E125600063BEC /* takuya.png */ = {isa = PBXFileReference; lastKnownFileType = image.png; name = takuya.png; path = images/takuya.png; sourceTree = "<group>"; };
		655C928B1B5E125600063BEC /* tomo.jpg */ = {isa = PBXFileReference; lastKnownFileType = image.jpeg; name = tomo.jpg; path = images/tomo.jpg; sourceTree = "<group>"; };
		655C928C1B5E125600063BEC /* yoshiro.JPG */ = {isa = PBXFileReference; lastKnownFileType = image.jpeg; name = yoshiro.JPG; path = images/yoshiro.JPG; sourceTree = "<group>"; };
		655C92911B5E15C400063BEC /* shinya.jpg */ = {isa = PBXFileReference; lastKnownFileType = image.jpeg; name = shinya.jpg; path = images/shinya.jpg; sourceTree = "<group>"; };
		655C92931B5E186800063BEC /* tetsuya.jpg */ = {isa = PBXFileReference; lastKnownFileType = image.jpeg; name = tetsuya.jpg; path = images/tetsuya.jpg; sourceTree = "<group>"; };
/* End PBXFileReference section */

/* Begin PBXFrameworksBuildPhase section */
		655C92591B5E0E4200063BEC /* Frameworks */ = {
			isa = PBXFrameworksBuildPhase;
			buildActionMask = 2147483647;
			files = (
			);
			runOnlyForDeploymentPostprocessing = 0;
		};
		655C92721B5E0E4200063BEC /* Frameworks */ = {
			isa = PBXFrameworksBuildPhase;
			buildActionMask = 2147483647;
			files = (
			);
			runOnlyForDeploymentPostprocessing = 0;
		};
/* End PBXFrameworksBuildPhase section */

/* Begin PBXGroup section */
		655C92531B5E0E4200063BEC = {
			isa = PBXGroup;
			children = (
				655C925E1B5E0E4200063BEC /* 3_2_tableview1 */,
				655C92781B5E0E4300063BEC /* 3_2_tableview1Tests */,
				655C925D1B5E0E4200063BEC /* Products */,
			);
			sourceTree = "<group>";
		};
		655C925D1B5E0E4200063BEC /* Products */ = {
			isa = PBXGroup;
			children = (
				655C925C1B5E0E4200063BEC /* 3_2_tableview1.app */,
				655C92751B5E0E4200063BEC /* 3_2_tableview1Tests.xctest */,
			);
			name = Products;
			sourceTree = "<group>";
		};
		655C925E1B5E0E4200063BEC /* 3_2_tableview1 */ = {
			isa = PBXGroup;
			children = (
				655C92631B5E0E4200063BEC /* AppDelegate.h */,
				655C92641B5E0E4200063BEC /* AppDelegate.m */,
				655C92661B5E0E4200063BEC /* ViewController.h */,
				655C92671B5E0E4200063BEC /* ViewController.m */,
				655C92851B5E0EC700063BEC /* DetailViewController.h */,
				655C92861B5E0EC700063BEC /* DetailViewController.m */,
				655C92691B5E0E4200063BEC /* Main.storyboard */,
				655C926C1B5E0E4200063BEC /* Images.xcassets */,
				655C926E1B5E0E4200063BEC /* LaunchScreen.xib */,
				655C925F1B5E0E4200063BEC /* Supporting Files */,
			);
			path = 3_2_tableview1;
			sourceTree = "<group>";
		};
		655C925F1B5E0E4200063BEC /* Supporting Files */ = {
			isa = PBXGroup;
			children = (
				655C92881B5E123C00063BEC /* images */,
				655C92601B5E0E4200063BEC /* Info.plist */,
				655C92611B5E0E4200063BEC /* main.m */,
			);
			name = "Supporting Files";
			sourceTree = "<group>";
		};
		655C92781B5E0E4300063BEC /* 3_2_tableview1Tests */ = {
			isa = PBXGroup;
			children = (
				655C927B1B5E0E4300063BEC /* __2_tableview1Tests.m */,
				655C92791B5E0E4300063BEC /* Supporting Files */,
			);
			path = 3_2_tableview1Tests;
			sourceTree = "<group>";
		};
		655C92791B5E0E4300063BEC /* Supporting Files */ = {
			isa = PBXGroup;
			children = (
				655C927A1B5E0E4300063BEC /* Info.plist */,
			);
			name = "Supporting Files";
			sourceTree = "<group>";
		};
		655C92881B5E123C00063BEC /* images */ = {
			isa = PBXGroup;
			children = (
				655C92931B5E186800063BEC /* tetsuya.jpg */,
				655C92911B5E15C400063BEC /* shinya.jpg */,
				655C92891B5E125600063BEC /* marina.jpg */,
				655C928A1B5E125600063BEC /* takuya.png */,
				655C928B1B5E125600063BEC /* tomo.jpg */,
				655C928C1B5E125600063BEC /* yoshiro.JPG */,
			);
			name = images;
			sourceTree = "<group>";
		};
/* End PBXGroup section */

/* Begin PBXNativeTarget section */
		655C925B1B5E0E4200063BEC /* 3_2_tableview1 */ = {
			isa = PBXNativeTarget;
			buildConfigurationList = 655C927F1B5E0E4300063BEC /* Build configuration list for PBXNativeTarget "3_2_tableview1" */;
			buildPhases = (
				655C92581B5E0E4200063BEC /* Sources */,
				655C92591B5E0E4200063BEC /* Frameworks */,
				655C925A1B5E0E4200063BEC /* Resources */,
			);
			buildRules = (
			);
			dependencies = (
			);
			name = 3_2_tableview1;
			productName = 3_2_tableview1;
			productReference = 655C925C1B5E0E4200063BEC /* 3_2_tableview1.app */;
			productType = "com.apple.product-type.application";
		};
		655C92741B5E0E4200063BEC /* 3_2_tableview1Tests */ = {
			isa = PBXNativeTarget;
			buildConfigurationList = 655C92821B5E0E4300063BEC /* Build configuration list for PBXNativeTarget "3_2_tableview1Tests" */;
			buildPhases = (
				655C92711B5E0E4200063BEC /* Sources */,
				655C92721B5E0E4200063BEC /* Frameworks */,
				655C92731B5E0E4200063BEC /* Resources */,
			);
			buildRules = (
			);
			dependencies = (
				655C92771B5E0E4200063BEC /* PBXTargetDependency */,
			);
			name = 3_2_tableview1Tests;
			productName = 3_2_tableview1Tests;
			productReference = 655C92751B5E0E4200063BEC /* 3_2_tableview1Tests.xctest */;
			productType = "com.apple.product-type.bundle.unit-test";
		};
/* End PBXNativeTarget section */

/* Begin PBXProject section */
		655C92541B5E0E4200063BEC /* Project object */ = {
			isa = PBXProject;
			attributes = {
				LastUpgradeCheck = 0640;
				ORGANIZATIONNAME = "Shinya Hirai";
				TargetAttributes = {
					655C925B1B5E0E4200063BEC = {
						CreatedOnToolsVersion = 6.4;
					};
					655C92741B5E0E4200063BEC = {
						CreatedOnToolsVersion = 6.4;
						TestTargetID = 655C925B1B5E0E4200063BEC;
					};
				};
			};
			buildConfigurationList = 655C92571B5E0E4200063BEC /* Build configuration list for PBXProject "3_2_tableview1" */;
			compatibilityVersion = "Xcode 3.2";
			developmentRegion = English;
			hasScannedForEncodings = 0;
			knownRegions = (
				en,
				Base,
			);
			mainGroup = 655C92531B5E0E4200063BEC;
			productRefGroup = 655C925D1B5E0E4200063BEC /* Products */;
			projectDirPath = "";
			projectRoot = "";
			targets = (
				655C925B1B5E0E4200063BEC /* 3_2_tableview1 */,
				655C92741B5E0E4200063BEC /* 3_2_tableview1Tests */,
			);
		};
/* End PBXProject section */

/* Begin PBXResourcesBuildPhase section */
		655C925A1B5E0E4200063BEC /* Resources */ = {
			isa = PBXResourcesBuildPhase;
			buildActionMask = 2147483647;
			files = (
				655C926B1B5E0E4200063BEC /* Main.storyboard in Resources */,
				655C928D1B5E125600063BEC /* marina.jpg in Resources */,
				655C92701B5E0E4200063BEC /* LaunchScreen.xib in Resources */,
				655C926D1B5E0E4200063BEC /* Images.xcassets in Resources */,
				655C928F1B5E125600063BEC /* tomo.jpg in Resources */,
				655C92941B5E186800063BEC /* tetsuya.jpg in Resources */,
				655C92921B5E15C400063BEC /* shinya.jpg in Resources */,
				655C92901B5E125600063BEC /* yoshiro.JPG in Resources */,
				655C928E1B5E125600063BEC /* takuya.png in Resources */,
			);
			runOnlyForDeploymentPostprocessing = 0;
		};
		655C92731B5E0E4200063BEC /* Resources */ = {
			isa = PBXResourcesBuildPhase;
			buildActionMask = 2147483647;
			files = (
			);
			runOnlyForDeploymentPostprocessing = 0;
		};
/* End PBXResourcesBuildPhase section */

/* Begin PBXSourcesBuildPhase section */
		655C92581B5E0E4200063BEC /* Sources */ = {
			isa = PBXSourcesBuildPhase;
			buildActionMask = 2147483647;
			files = (
				655C92681B5E0E4200063BEC /* ViewController.m in Sources */,
				655C92651B5E0E4200063BEC /* AppDelegate.m in Sources */,
				655C92621B5E0E4200063BEC /* main.m in Sources */,
				655C92871B5E0EC700063BEC /* DetailViewController.m in Sources */,
			);
			runOnlyForDeploymentPostprocessing = 0;
		};
		655C92711B5E0E4200063BEC /* Sources */ = {
			isa = PBXSourcesBuildPhase;
			buildActionMask = 2147483647;
			files = (
				655C927C1B5E0E4300063BEC /* __2_tableview1Tests.m in Sources */,
			);
			runOnlyForDeploymentPostprocessing = 0;
		};
/* End PBXSourcesBuildPhase section */

/* Begin PBXTargetDependency section */
		655C92771B5E0E4200063BEC /* PBXTargetDependency */ = {
			isa = PBXTargetDependency;
			target = 655C925B1B5E0E4200063BEC /* 3_2_tableview1 */;
			targetProxy = 655C92761B5E0E4200063BEC /* PBXContainerItemProxy */;
		};
/* End PBXTargetDependency section */

/* Begin PBXVariantGroup section */
		655C92691B5E0E4200063BEC /* Main.storyboard */ = {
			isa = PBXVariantGroup;
			children = (
				655C926A1B5E0E4200063BEC /* Base */,
			);
			name = Main.storyboard;
			sourceTree = "<group>";
		};
		655C926E1B5E0E4200063BEC /* LaunchScreen.xib */ = {
			isa = PBXVariantGroup;
			children = (
				655C926F1B5E0E4200063BEC /* Base */,
			);
			name = LaunchScreen.xib;
			sourceTree = "<group>";
		};
/* End PBXVariantGroup section */

/* Begin XCBuildConfiguration section */
		655C927D1B5E0E4300063BEC /* Debug */ = {
			isa = XCBuildConfiguration;
			buildSettings = {
				ALWAYS_SEARCH_USER_PATHS = NO;
				CLANG_CXX_LANGUAGE_STANDARD = "gnu++0x";
				CLANG_CXX_LIBRARY = "libc++";
				CLANG_ENABLE_MODULES = YES;
				CLANG_ENABLE_OBJC_ARC = YES;
				CLANG_WARN_BOOL_CONVERSION = YES;
				CLANG_WARN_CONSTANT_CONVERSION = YES;
				CLANG_WARN_DIRECT_OBJC_ISA_USAGE = YES_ERROR;
				CLANG_WARN_EMPTY_BODY = YES;
				CLANG_WARN_ENUM_CONVERSION = YES;
				CLANG_WARN_INT_CONVERSION = YES;
				CLANG_WARN_OBJC_ROOT_CLASS = YES_ERROR;
				CLANG_WARN_UNREACHABLE_CODE = YES;
				CLANG_WARN__DUPLICATE_METHOD_MATCH = YES;
				"CODE_SIGN_IDENTITY[sdk=iphoneos*]" = "iPhone Developer";
				COPY_PHASE_STRIP = NO;
				DEBUG_INFORMATION_FORMAT = "dwarf-with-dsym";
				ENABLE_STRICT_OBJC_MSGSEND = YES;
				GCC_C_LANGUAGE_STANDARD = gnu99;
				GCC_DYNAMIC_NO_PIC = NO;
				GCC_NO_COMMON_BLOCKS = YES;
				GCC_OPTIMIZATION_LEVEL = 0;
				GCC_PREPROCESSOR_DEFINITIONS = (
					"DEBUG=1",
					"$(inherited)",
				);
				GCC_SYMBOLS_PRIVATE_EXTERN = NO;
				GCC_WARN_64_TO_32_BIT_CONVERSION = YES;
				GCC_WARN_ABOUT_RETURN_TYPE = YES_ERROR;
				GCC_WARN_UNDECLARED_SELECTOR = YES;
				GCC_WARN_UNINITIALIZED_AUTOS = YES_AGGRESSIVE;
				GCC_WARN_UNUSED_FUNCTION = YES;
				GCC_WARN_UNUSED_VARIABLE = YES;
				IPHONEOS_DEPLOYMENT_TARGET = 8.4;
				MTL_ENABLE_DEBUG_INFO = YES;
				ONLY_ACTIVE_ARCH = YES;
				SDKROOT = iphoneos;
			};
			name = Debug;
		};
		655C927E1B5E0E4300063BEC /* Release */ = {
			isa = XCBuildConfiguration;
			buildSettings = {
				ALWAYS_SEARCH_USER_PATHS = NO;
				CLANG_CXX_LANGUAGE_STANDARD = "gnu++0x";
				CLANG_CXX_LIBRARY = "libc++";
				CLANG_ENABLE_MODULES = YES;
				CLANG_ENABLE_OBJC_ARC = YES;
				CLANG_WARN_BOOL_CONVERSION = YES;
				CLANG_WARN_CONSTANT_CONVERSION = YES;
				CLANG_WARN_DIRECT_OBJC_ISA_USAGE = YES_ERROR;
				CLANG_WARN_EMPTY_BODY = YES;
				CLANG_WARN_ENUM_CONVERSION = YES;
				CLANG_WARN_INT_CONVERSION = YES;
				CLANG_WARN_OBJC_ROOT_CLASS = YES_ERROR;
				CLANG_WARN_UNREACHABLE_CODE = YES;
				CLANG_WARN__DUPLICATE_METHOD_MATCH = YES;
				"CODE_SIGN_IDENTITY[sdk=iphoneos*]" = "iPhone Developer";
				COPY_PHASE_STRIP = NO;
				DEBUG_INFORMATION_FORMAT = "dwarf-with-dsym";
				ENABLE_NS_ASSERTIONS = NO;
				ENABLE_STRICT_OBJC_MSGSEND = YES;
				GCC_C_LANGUAGE_STANDARD = gnu99;
				GCC_NO_COMMON_BLOCKS = YES;
				GCC_WARN_64_TO_32_BIT_CONVERSION = YES;
				GCC_WARN_ABOUT_RETURN_TYPE = YES_ERROR;
				GCC_WARN_UNDECLARED_SELECTOR = YES;
				GCC_WARN_UNINITIALIZED_AUTOS = YES_AGGRESSIVE;
				GCC_WARN_UNUSED_FUNCTION = YES;
				GCC_WARN_UNUSED_VARIABLE = YES;
				IPHONEOS_DEPLOYMENT_TARGET = 8.4;
				MTL_ENABLE_DEBUG_INFO = NO;
				SDKROOT = iphoneos;
				VALIDATE_PRODUCT = YES;
			};
			name = Release;
		};
		655C92801B5E0E4300063BEC /* Debug */ = {
			isa = XCBuildConfiguration;
			buildSettings = {
				ASSETCATALOG_COMPILER_APPICON_NAME = AppIcon;
				INFOPLIST_FILE = 3_2_tableview1/Info.plist;
				LD_RUNPATH_SEARCH_PATHS = "$(inherited) @executable_path/Frameworks";
				PRODUCT_NAME = "$(TARGET_NAME)";
			};
			name = Debug;
		};
		655C92811B5E0E4300063BEC /* Release */ = {
			isa = XCBuildConfiguration;
			buildSettings = {
				ASSETCATALOG_COMPILER_APPICON_NAME = AppIcon;
				INFOPLIST_FILE = 3_2_tableview1/Info.plist;
				LD_RUNPATH_SEARCH_PATHS = "$(inherited) @executable_path/Frameworks";
				PRODUCT_NAME = "$(TARGET_NAME)";
			};
			name = Release;
		};
		655C92831B5E0E4300063BEC /* Debug */ = {
			isa = XCBuildConfiguration;
			buildSettings = {
				BUNDLE_LOADER = "$(TEST_HOST)";
				FRAMEWORK_SEARCH_PATHS = (
					"$(SDKROOT)/Developer/Library/Frameworks",
					"$(inherited)",
				);
				GCC_PREPROCESSOR_DEFINITIONS = (
					"DEBUG=1",
					"$(inherited)",
				);
				INFOPLIST_FILE = 3_2_tableview1Tests/Info.plist;
				LD_RUNPATH_SEARCH_PATHS = "$(inherited) @executable_path/Frameworks @loader_path/Frameworks";
				PRODUCT_NAME = "$(TARGET_NAME)";
				TEST_HOST = "$(BUILT_PRODUCTS_DIR)/3_2_tableview1.app/3_2_tableview1";
			};
			name = Debug;
		};
		655C92841B5E0E4300063BEC /* Release */ = {
			isa = XCBuildConfiguration;
			buildSettings = {
				BUNDLE_LOADER = "$(TEST_HOST)";
				FRAMEWORK_SEARCH_PATHS = (
					"$(SDKROOT)/Developer/Library/Frameworks",
					"$(inherited)",
				);
				INFOPLIST_FILE = 3_2_tableview1Tests/Info.plist;
				LD_RUNPATH_SEARCH_PATHS = "$(inherited) @executable_path/Frameworks @loader_path/Frameworks";
				PRODUCT_NAME = "$(TARGET_NAME)";
				TEST_HOST = "$(BUILT_PRODUCTS_DIR)/3_2_tableview1.app/3_2_tableview1";
			};
			name = Release;
		};
/* End XCBuildConfiguration section */

/* Begin XCConfigurationList section */
		655C92571B5E0E4200063BEC /* Build configuration list for PBXProject "3_2_tableview1" */ = {
			isa = XCConfigurationList;
			buildConfigurations = (
				655C927D1B5E0E4300063BEC /* Debug */,
				655C927E1B5E0E4300063BEC /* Release */,
			);
			defaultConfigurationIsVisible = 0;
			defaultConfigurationName = Release;
		};
		655C927F1B5E0E4300063BEC /* Build configuration list for PBXNativeTarget "3_2_tableview1" */ = {
			isa = XCConfigurationList;
			buildConfigurations = (
				655C92801B5E0E4300063BEC /* Debug */,
				655C92811B5E0E4300063BEC /* Release */,
			);
			defaultConfigurationIsVisible = 0;
		};
		655C92821B5E0E4300063BEC /* Build configuration list for PBXNativeTarget "3_2_tableview1Tests" */ = {
			isa = XCConfigurationList;
			buildConfigurations = (
				655C92831B5E0E4300063BEC /* Debug */,
				655C92841B5E0E4300063BEC /* Release */,
			);
			defaultConfigurationIsVisible = 0;
		};
/* End XCConfigurationList section */
	};
	rootObject = 655C92541B5E0E4200063BEC /* Project object */;
}
